{
  "version": 4,
  "terraform_version": "1.3.3",
  "serial": 391,
  "lineage": "0e13974a-5c17-4570-1ee7-19eca1f2f048",
  "outputs": {},
  "resources": [
    {
      "mode": "data",
      "type": "google_iam_policy",
      "name": "noauth",
      "provider": "provider[\"registry.terraform.io/hashicorp/google\"]",
      "instances": [
        {
          "schema_version": 0,
          "attributes": {
            "audit_config": null,
            "binding": [
              {
                "condition": [],
                "members": [
                  "allUsers"
                ],
                "role": "roles/run.invoker"
              }
            ],
            "id": "844111882",
            "policy_data": "{\"bindings\":[{\"members\":[\"allUsers\"],\"role\":\"roles/run.invoker\"}]}"
          },
          "sensitive_attributes": []
        }
      ]
    },
    {
      "mode": "managed",
      "type": "google_artifact_registry_repository",
      "name": "my-repo",
      "provider": "provider[\"registry.terraform.io/hashicorp/google\"]",
      "instances": [
        {
          "schema_version": 0,
          "attributes": {
            "create_time": "2022-10-22T11:55:12.145423Z",
            "description": "server docker repository",
            "format": "DOCKER",
            "id": "projects/kosen-festa-server/locations/us-west1/repositories/my-repository",
            "kms_key_name": "",
            "labels": {},
            "location": "us-west1",
            "maven_config": [],
            "name": "my-repository",
            "project": "kosen-festa-server",
            "repository_id": "my-repository",
            "timeouts": null,
            "update_time": "2022-10-22T11:55:12.145423Z"
          },
          "sensitive_attributes": [],
          "private": "eyJlMmJmYjczMC1lY2FhLTExZTYtOGY4OC0zNDM2M2JjN2M0YzAiOnsiY3JlYXRlIjoxMjAwMDAwMDAwMDAwLCJkZWxldGUiOjEyMDAwMDAwMDAwMDAsInVwZGF0ZSI6MTIwMDAwMDAwMDAwMH19"
        }
      ]
    },
    {
      "mode": "managed",
      "type": "google_cloud_run_service",
      "name": "default",
      "provider": "provider[\"registry.terraform.io/hashicorp/google\"]",
      "instances": [
        {
          "schema_version": 1,
          "attributes": {
            "autogenerate_revision_name": false,
            "id": "locations/us-west1/namespaces/kosen-festa-server/services/server",
            "location": "us-west1",
            "metadata": [
              {
                "annotations": {
                  "run.googleapis.com/ingress": "all",
                  "run.googleapis.com/ingress-status": "all",
                  "serving.knative.dev/creator": "terraform@kosen-festa-server.iam.gserviceaccount.com",
                  "serving.knative.dev/lastModifier": "terraform@kosen-festa-server.iam.gserviceaccount.com"
                },
                "generation": 1,
                "labels": {
                  "cloud.googleapis.com/location": "us-west1"
                },
                "namespace": "kosen-festa-server",
                "resource_version": "AAXroQJ8i2A",
                "self_link": "/apis/serving.knative.dev/v1/namespaces/874698037633/services/server",
                "uid": "6469744f-f6f9-4ca3-9f68-5a35029394f0"
              }
            ],
            "name": "server",
            "project": "kosen-festa-server",
            "status": [
              {
                "conditions": [
                  {
                    "message": "",
                    "reason": "",
                    "status": "True",
                    "type": "Ready"
                  },
                  {
                    "message": "",
                    "reason": "",
                    "status": "True",
                    "type": "ConfigurationsReady"
                  },
                  {
                    "message": "",
                    "reason": "",
                    "status": "True",
                    "type": "RoutesReady"
                  }
                ],
                "latest_created_revision_name": "server-bdzr9",
                "latest_ready_revision_name": "server-bdzr9",
                "observed_generation": 1,
                "url": "https://server-gytmf4azxa-uw.a.run.app"
              }
            ],
            "template": [
              {
                "metadata": [
                  {
                    "annotations": {
                      "autoscaling.knative.dev/maxScale": "3",
                      "autoscaling.knative.dev/minScale": "1",
                      "run.googleapis.com/client-name": "terraform",
                      "run.googleapis.com/cloudsql-instances": "kosen-festa-server:us-west1:main-instance",
                      "run.googleapis.com/cpu-throttling": "false"
                    },
                    "generation": 0,
                    "labels": {},
                    "name": "",
                    "namespace": "",
                    "resource_version": "",
                    "self_link": "",
                    "uid": ""
                  }
                ],
                "spec": [
                  {
                    "container_concurrency": 80,
                    "containers": [
                      {
                        "args": [],
                        "command": [],
                        "env": [
                          {
                            "name": "DATABASE_URL",
                            "value": "postgresql://user:password@localhost:5432/postgres?host=/cloudsql/kosen-festa-server:us-west1:main-instance\u0026schema=public",
                            "value_from": []
                          },
                          {
                            "name": "DB_NAME",
                            "value": "mydb",
                            "value_from": []
                          },
                          {
                            "name": "DB_PASS",
                            "value": "password",
                            "value_from": []
                          },
                          {
                            "name": "DB_USER",
                            "value": "user",
                            "value_from": []
                          },
                          {
                            "name": "INSTANCE_CONNECTION_NAME",
                            "value": "kosen-festa-server:us-west1:main-instance",
                            "value_from": []
                          },
                          {
                            "name": "INSTANCE_UNIX_SOCKET",
                            "value": "/cloudsql/kosen-festa-server:us-west1:main-instance",
                            "value_from": []
                          }
                        ],
                        "env_from": [],
                        "image": "us-west1-docker.pkg.dev/kosen-festa-server/my-repository/server-image",
                        "ports": [
                          {
                            "container_port": 7000,
                            "name": "http1",
                            "protocol": ""
                          }
                        ],
                        "resources": [
                          {
                            "limits": {
                              "cpu": "1",
                              "memory": "0.5Gi"
                            },
                            "requests": {}
                          }
                        ],
                        "volume_mounts": [],
                        "working_dir": ""
                      }
                    ],
                    "service_account_name": "874698037633-compute@developer.gserviceaccount.com",
                    "serving_state": "",
                    "timeout_seconds": 300,
                    "volumes": []
                  }
                ]
              }
            ],
            "timeouts": null,
            "traffic": [
              {
                "latest_revision": true,
                "percent": 100,
                "revision_name": "",
                "tag": "",
                "url": ""
              }
            ]
          },
          "sensitive_attributes": [
            [
              {
                "type": "get_attr",
                "value": "template"
              },
              {
                "type": "index",
                "value": {
                  "value": 0,
                  "type": "number"
                }
              },
              {
                "type": "get_attr",
                "value": "spec"
              },
              {
                "type": "index",
                "value": {
                  "value": 0,
                  "type": "number"
                }
              },
              {
                "type": "get_attr",
                "value": "containers"
              },
              {
                "type": "index",
                "value": {
                  "value": 0,
                  "type": "number"
                }
              },
              {
                "type": "get_attr",
                "value": "env"
              }
            ]
          ],
          "private": "eyJlMmJmYjczMC1lY2FhLTExZTYtOGY4OC0zNDM2M2JjN2M0YzAiOnsiY3JlYXRlIjoxMjAwMDAwMDAwMDAwLCJkZWxldGUiOjEyMDAwMDAwMDAwMDAsInVwZGF0ZSI6MTIwMDAwMDAwMDAwMH0sInNjaGVtYV92ZXJzaW9uIjoiMSJ9",
          "dependencies": [
            "google_sql_database.mydb",
            "google_sql_database_instance.database",
            "google_sql_user.users"
          ]
        }
      ]
    },
    {
      "mode": "managed",
      "type": "google_cloud_run_service_iam_policy",
      "name": "noauth",
      "provider": "provider[\"registry.terraform.io/hashicorp/google\"]",
      "instances": [
        {
          "schema_version": 0,
          "attributes": {
            "etag": "BwXroQLF0mk=",
            "id": "v1/projects/kosen-festa-server/locations/us-west1/services/server",
            "location": "us-west1",
            "policy_data": "{\"bindings\":[{\"members\":[\"allUsers\"],\"role\":\"roles/run.invoker\"}]}",
            "project": "kosen-festa-server",
            "service": "v1/projects/kosen-festa-server/locations/us-west1/services/server"
          },
          "sensitive_attributes": [],
          "private": "bnVsbA==",
          "dependencies": [
            "data.google_iam_policy.noauth",
            "google_cloud_run_service.default",
            "google_sql_database.mydb",
            "google_sql_database_instance.database",
            "google_sql_user.users"
          ]
        }
      ]
    },
    {
      "mode": "managed",
      "type": "google_cloudbuild_trigger",
      "name": "include-build-logs-trigger",
      "provider": "provider[\"registry.terraform.io/hashicorp/google\"]",
      "instances": [
        {
          "schema_version": 2,
          "attributes": {
            "approval_config": [
              {
                "approval_required": false
              }
            ],
            "build": [],
            "create_time": "2022-10-22T11:55:11.774308306Z",
            "description": "",
            "disabled": false,
            "filename": "cloudbuild.yaml",
            "filter": "",
            "git_file_source": [],
            "github": [
              {
                "name": "2022-server",
                "owner": "suzuka-kosen-festa",
                "pull_request": [],
                "push": [
                  {
                    "branch": "^main$",
                    "invert_regex": false,
                    "tag": ""
                  }
                ]
              }
            ],
            "id": "projects/kosen-festa-server/locations/us-west1/triggers/e7f86050-15b5-4ef4-be49-d766b2c4c6a6",
            "ignored_files": [],
            "include_build_logs": "INCLUDE_BUILD_LOGS_WITH_STATUS",
            "included_files": [],
            "location": "us-west1",
            "name": "container-builder",
            "project": "kosen-festa-server",
            "pubsub_config": [],
            "service_account": "",
            "source_to_build": [],
            "substitutions": {},
            "tags": [],
            "timeouts": null,
            "trigger_id": "e7f86050-15b5-4ef4-be49-d766b2c4c6a6",
            "trigger_template": [],
            "webhook_config": []
          },
          "sensitive_attributes": [],
          "private": "eyJlMmJmYjczMC1lY2FhLTExZTYtOGY4OC0zNDM2M2JjN2M0YzAiOnsiY3JlYXRlIjoxMjAwMDAwMDAwMDAwLCJkZWxldGUiOjEyMDAwMDAwMDAwMDAsInVwZGF0ZSI6MTIwMDAwMDAwMDAwMH0sInNjaGVtYV92ZXJzaW9uIjoiMiJ9"
        }
      ]
    },
    {
      "mode": "managed",
      "type": "google_cloudbuild_worker_pool",
      "name": "pool",
      "provider": "provider[\"registry.terraform.io/hashicorp/google\"]",
      "instances": [
        {
          "schema_version": 0,
          "attributes": {
            "annotations": {},
            "create_time": "2022-10-22T11:55:55.790298533Z",
            "delete_time": "",
            "display_name": "",
            "id": "projects/kosen-festa-server/locations/us-west1/workerPools/my-pool",
            "location": "us-west1",
            "name": "my-pool",
            "network_config": [],
            "project": "kosen-festa-server",
            "state": "RUNNING",
            "timeouts": null,
            "uid": "bd624423-bb08-46d0-b27b-2c9a7f90ef1a",
            "update_time": "2022-10-22T11:55:55.790298533Z",
            "worker_config": [
              {
                "disk_size_gb": 100,
                "machine_type": "e2-standard-2",
                "no_external_ip": false
              }
            ]
          },
          "sensitive_attributes": [],
          "private": "eyJlMmJmYjczMC1lY2FhLTExZTYtOGY4OC0zNDM2M2JjN2M0YzAiOnsiY3JlYXRlIjoxMjAwMDAwMDAwMDAwLCJkZWxldGUiOjEyMDAwMDAwMDAwMDAsInVwZGF0ZSI6MTIwMDAwMDAwMDAwMH19"
        }
      ]
    },
    {
      "mode": "managed",
      "type": "google_sql_database",
      "name": "mydb",
      "provider": "provider[\"registry.terraform.io/hashicorp/google\"]",
      "instances": [
        {
          "schema_version": 0,
          "attributes": {
            "charset": "UTF8",
            "collation": "en_US.UTF8",
            "id": "projects/kosen-festa-server/instances/main-instance/databases/mydb",
            "instance": "main-instance",
            "name": "mydb",
            "project": "kosen-festa-server",
            "self_link": "https://sqladmin.googleapis.com/sql/v1beta4/projects/kosen-festa-server/instances/main-instance/databases/mydb",
            "timeouts": null
          },
          "sensitive_attributes": [],
          "private": "eyJlMmJmYjczMC1lY2FhLTExZTYtOGY4OC0zNDM2M2JjN2M0YzAiOnsiY3JlYXRlIjoxMjAwMDAwMDAwMDAwLCJkZWxldGUiOjEyMDAwMDAwMDAwMDAsInVwZGF0ZSI6MTIwMDAwMDAwMDAwMH19",
          "dependencies": [
            "google_sql_database_instance.database"
          ]
        }
      ]
    },
    {
      "mode": "managed",
      "type": "google_sql_database_instance",
      "name": "database",
      "provider": "provider[\"registry.terraform.io/hashicorp/google\"]",
      "instances": [
        {
          "schema_version": 0,
          "attributes": {
            "available_maintenance_versions": [],
            "clone": [],
            "connection_name": "kosen-festa-server:us-west1:main-instance",
            "database_version": "POSTGRES_14",
            "deletion_protection": false,
            "encryption_key_name": null,
            "first_ip_address": "34.82.193.119",
            "id": "main-instance",
            "ip_address": [
              {
                "ip_address": "34.82.193.119",
                "time_to_retire": "",
                "type": "PRIMARY"
              },
              {
                "ip_address": "34.83.154.213",
                "time_to_retire": "",
                "type": "OUTGOING"
              }
            ],
            "maintenance_version": "POSTGRES_14_4.R20220710.01_08",
            "master_instance_name": "",
            "name": "main-instance",
            "private_ip_address": "",
            "project": "kosen-festa-server",
            "public_ip_address": "34.82.193.119",
            "region": "us-west1",
            "replica_configuration": [],
            "restore_backup_context": [],
            "root_password": "root",
            "self_link": "https://sqladmin.googleapis.com/sql/v1beta4/projects/kosen-festa-server/instances/main-instance",
            "server_ca_cert": [
              {
                "cert": "-----BEGIN CERTIFICATE-----\nMIIDfzCCAmegAwIBAgIBADANBgkqhkiG9w0BAQsFADB3MS0wKwYDVQQuEyQzOTE4\nOGU0NC00Y2E3LTRjMWQtYjAwNC0wNjcwNjMzNmI0NTAxIzAhBgNVBAMTGkdvb2ds\nZSBDbG91ZCBTUUwgU2VydmVyIENBMRQwEgYDVQQKEwtHb29nbGUsIEluYzELMAkG\nA1UEBhMCVVMwHhcNMjIxMDIyMTE1NTE5WhcNMzIxMDE5MTE1NjE5WjB3MS0wKwYD\nVQQuEyQzOTE4OGU0NC00Y2E3LTRjMWQtYjAwNC0wNjcwNjMzNmI0NTAxIzAhBgNV\nBAMTGkdvb2dsZSBDbG91ZCBTUUwgU2VydmVyIENBMRQwEgYDVQQKEwtHb29nbGUs\nIEluYzELMAkGA1UEBhMCVVMwggEiMA0GCSqGSIb3DQEBAQUAA4IBDwAwggEKAoIB\nAQCQkO6VWdnW3F/deMEeffIJotJim6Rwk/humieSqZOpSI6owxxcLWauUqO5Yv6j\ncZVzX3zizzaU6wJthGjn7lld0ZmhffrHleUKvduH/J03T6nRcMbjAQcHYJkEHlEz\nVdmBFJAiiE9Fa4cqlWqsWh5GCUpnKdgZti1lO6PT+q51bE5CgFO3NJR6NvAWjf2f\nslOQnZmyGRFWSNagUq7FWhuSP91ecyYbGxYYzmUlkHSFbwnnI+7NQF0M2rr0huzh\nQNIS/hSsSIg5K7vGTL2xc7BKZG+os5h9bMaOTWb330yv1kNxH+2gWFhkH7tlmsTj\n3alusaEdIwL4aHKTLJpN6MF3AgMBAAGjFjAUMBIGA1UdEwEB/wQIMAYBAf8CAQAw\nDQYJKoZIhvcNAQELBQADggEBAA7Z/DUXzlFNW3qLrNcO880QdaRES3eSHlTS5/jm\n4ZnBnQdzxc0XXFMagwW0HGHREAJmSioUrBij4XbJI8/BjEdq+VNUf0k6QnaGE9I6\nymHIkFt7FaNUrPbmgw0QsHgt0Jr5BWB0Bp1COV1glbdK3y62cK3APhRrb0zM3Cqm\nZC4Qxzk/tQDixFCWbIpKwfZjIi09vsoJFTSO59JvWdr1QX0wungE4M0wH9249tAL\nhmbsw/EylsCNAKs+hdmBtzXuVlgpAje235Jyo2N3ttUUzi6gz+jjNl3CDp0+9vHp\n9/B57ik17IDCT92WtZ8Uzno3LuVQ9182asBsMhtlYgyD2Ac=\n-----END CERTIFICATE-----",
                "common_name": "C=US,O=Google\\, Inc,CN=Google Cloud SQL Server CA,dnQualifier=39188e44-4ca7-4c1d-b004-06706336b450",
                "create_time": "2022-10-22T11:55:19.464Z",
                "expiration_time": "2032-10-19T11:56:19.464Z",
                "sha1_fingerprint": "5eecdd767b13f4041f11b491a999041e4bd32d11"
              }
            ],
            "service_account_email_address": "p874698037633-qxvbtt@gcp-sa-cloud-sql.iam.gserviceaccount.com",
            "settings": [
              {
                "activation_policy": "ALWAYS",
                "active_directory_config": [],
                "availability_type": "ZONAL",
                "backup_configuration": [
                  {
                    "backup_retention_settings": [
                      {
                        "retained_backups": 7,
                        "retention_unit": "COUNT"
                      }
                    ],
                    "binary_log_enabled": false,
                    "enabled": true,
                    "location": "",
                    "point_in_time_recovery_enabled": true,
                    "start_time": "15:00",
                    "transaction_log_retention_days": 7
                  }
                ],
                "collation": "",
                "database_flags": [],
                "disk_autoresize": true,
                "disk_autoresize_limit": 0,
                "disk_size": 10,
                "disk_type": "PD_HDD",
                "insights_config": [],
                "ip_configuration": [
                  {
                    "allocated_ip_range": "",
                    "authorized_networks": [],
                    "ipv4_enabled": true,
                    "private_network": "",
                    "require_ssl": false
                  }
                ],
                "location_preference": [
                  {
                    "follow_gae_application": "",
                    "secondary_zone": "",
                    "zone": "us-west1-c"
                  }
                ],
                "maintenance_window": [],
                "password_validation_policy": [],
                "pricing_plan": "PER_USE",
                "sql_server_audit_config": [],
                "tier": "db-custom-1-3840",
                "user_labels": {},
                "version": 2
              }
            ],
            "timeouts": null
          },
          "sensitive_attributes": [],
          "private": "eyJlMmJmYjczMC1lY2FhLTExZTYtOGY4OC0zNDM2M2JjN2M0YzAiOnsiY3JlYXRlIjoxODAwMDAwMDAwMDAwLCJkZWxldGUiOjE4MDAwMDAwMDAwMDAsInVwZGF0ZSI6MTgwMDAwMDAwMDAwMH19"
        }
      ]
    },
    {
      "mode": "managed",
      "type": "google_sql_user",
      "name": "users",
      "provider": "provider[\"registry.terraform.io/hashicorp/google\"]",
      "instances": [
        {
          "schema_version": 1,
          "attributes": {
            "deletion_policy": null,
            "host": "",
            "id": "user//main-instance",
            "instance": "main-instance",
            "name": "user",
            "password": "password",
            "password_policy": [],
            "project": "kosen-festa-server",
            "sql_server_user_details": [],
            "timeouts": null,
            "type": ""
          },
          "sensitive_attributes": [],
          "private": "eyJlMmJmYjczMC1lY2FhLTExZTYtOGY4OC0zNDM2M2JjN2M0YzAiOnsiY3JlYXRlIjo2MDAwMDAwMDAwMDAsImRlbGV0ZSI6NjAwMDAwMDAwMDAwLCJ1cGRhdGUiOjYwMDAwMDAwMDAwMH0sInNjaGVtYV92ZXJzaW9uIjoiMSJ9",
          "dependencies": [
            "google_sql_database_instance.database"
          ]
        }
      ]
    }
  ],
  "check_results": []
}
