{
  "version": 4,
  "terraform_version": "1.3.3",
  "serial": 81,
  "lineage": "c5c7324f-7e71-45b1-7ffc-a68c077395da",
  "outputs": {},
  "resources": [
    {
      "mode": "managed",
      "type": "google_artifact_registry_repository",
      "name": "my-repo",
      "provider": "provider[\"registry.terraform.io/hashicorp/google\"]",
      "instances": [
        {
          "schema_version": 0,
          "attributes": {
            "create_time": "2022-10-26T22:38:17.954368Z",
            "description": "server docker repository",
            "format": "DOCKER",
            "id": "projects/kosen-festa-server/locations/us-west1/repositories/my-repository",
            "kms_key_name": "",
            "labels": {},
            "location": "us-west1",
            "maven_config": [],
            "name": "my-repository",
            "project": "kosen-festa-server",
            "repository_id": "my-repository",
            "timeouts": null,
            "update_time": "2022-10-26T22:38:17.954368Z"
          },
          "sensitive_attributes": [],
          "private": "eyJlMmJmYjczMC1lY2FhLTExZTYtOGY4OC0zNDM2M2JjN2M0YzAiOnsiY3JlYXRlIjoxMjAwMDAwMDAwMDAwLCJkZWxldGUiOjEyMDAwMDAwMDAwMDAsInVwZGF0ZSI6MTIwMDAwMDAwMDAwMH19"
        }
      ]
    },
    {
      "mode": "managed",
      "type": "google_cloud_run_service",
      "name": "default",
      "provider": "provider[\"registry.terraform.io/hashicorp/google\"]",
      "instances": [
        {
          "schema_version": 1,
          "attributes": {
            "autogenerate_revision_name": false,
            "id": "locations/us-west1/namespaces/kosen-festa-server/services/server",
            "location": "us-west1",
            "metadata": [
              {
                "annotations": {
                  "run.googleapis.com/ingress": "all",
                  "run.googleapis.com/ingress-status": "all",
                  "serving.knative.dev/creator": "terraform@kosen-festa-server.iam.gserviceaccount.com",
                  "serving.knative.dev/lastModifier": "terraform@kosen-festa-server.iam.gserviceaccount.com"
                },
                "generation": 1,
                "labels": {
                  "cloud.googleapis.com/location": "us-west1"
                },
                "namespace": "kosen-festa-server",
                "resource_version": "AAXr97sJ2+A",
                "self_link": "/apis/serving.knative.dev/v1/namespaces/874698037633/services/server",
                "uid": "9d7a778d-e7b0-45ac-bfec-1c37518c1a6b"
              }
            ],
            "name": "server",
            "project": "kosen-festa-server",
            "status": [
              {
                "conditions": [
                  {
                    "message": "",
                    "reason": "",
                    "status": "True",
                    "type": "Ready"
                  },
                  {
                    "message": "",
                    "reason": "",
                    "status": "True",
                    "type": "ConfigurationsReady"
                  },
                  {
                    "message": "",
                    "reason": "",
                    "status": "True",
                    "type": "RoutesReady"
                  }
                ],
                "latest_created_revision_name": "server-b257v",
                "latest_ready_revision_name": "server-b257v",
                "observed_generation": 1,
                "url": "https://server-gytmf4azxa-uw.a.run.app"
              }
            ],
            "template": [
              {
                "metadata": [
                  {
                    "annotations": {
                      "autoscaling.knative.dev/maxScale": "3",
                      "autoscaling.knative.dev/minScale": "1",
                      "run.googleapis.com/client-name": "terraform",
                      "run.googleapis.com/cloudsql-instances": "kosen-festa-server:us-west1:main-instance",
                      "run.googleapis.com/cpu-throttling": "false"
                    },
                    "generation": 0,
                    "labels": null,
                    "name": "",
                    "namespace": "",
                    "resource_version": "",
                    "self_link": "",
                    "uid": ""
                  }
                ],
                "spec": [
                  {
                    "container_concurrency": 80,
                    "containers": [
                      {
                        "args": null,
                        "command": null,
                        "env": [
                          {
                            "name": "DATABASE_URL",
                            "value": "postgresql://user:password@localhost:5432/appdb?host=/cloudsql/kosen-festa-server:us-west1:main-instance",
                            "value_from": []
                          },
                          {
                            "name": "DB_NAME",
                            "value": "appdb",
                            "value_from": []
                          },
                          {
                            "name": "DB_PASS",
                            "value": "password",
                            "value_from": []
                          },
                          {
                            "name": "DB_USER",
                            "value": "user",
                            "value_from": []
                          },
                          {
                            "name": "INSTANCE_CONNECTION_NAME",
                            "value": "kosen-festa-server:us-west1:main",
                            "value_from": []
                          },
                          {
                            "name": "INSTANCE_UNIX_SOCKET",
                            "value": "/cloudsql/kosen-festa-server:us-west1:main",
                            "value_from": []
                          },
                          {
                            "name": "JWT_SEACRET_KEY",
                            "value": "Moriikuko0321.com",
                            "value_from": []
                          },
                          {
                            "name": "PASSWORD",
                            "value": "kosen-server",
                            "value_from": []
                          }
                        ],
                        "env_from": [],
                        "image": "us-west1-docker.pkg.dev/kosen-festa-server/my-repository/server-image",
                        "ports": [
                          {
                            "container_port": 7000,
                            "name": "http1",
                            "protocol": ""
                          }
                        ],
                        "resources": [
                          {
                            "limits": {
                              "cpu": "1",
                              "memory": "0.5Gi"
                            },
                            "requests": null
                          }
                        ],
                        "volume_mounts": [],
                        "working_dir": ""
                      }
                    ],
                    "service_account_name": "874698037633-compute@developer.gserviceaccount.com",
                    "serving_state": "",
                    "timeout_seconds": 300,
                    "volumes": []
                  }
                ]
              }
            ],
            "timeouts": null,
            "traffic": [
              {
                "latest_revision": true,
                "percent": 100,
                "revision_name": "",
                "tag": "",
                "url": ""
              }
            ]
          },
          "sensitive_attributes": [
            [
              {
                "type": "get_attr",
                "value": "template"
              },
              {
                "type": "index",
                "value": {
                  "value": 0,
                  "type": "number"
                }
              },
              {
                "type": "get_attr",
                "value": "spec"
              },
              {
                "type": "index",
                "value": {
                  "value": 0,
                  "type": "number"
                }
              },
              {
                "type": "get_attr",
                "value": "containers"
              },
              {
                "type": "index",
                "value": {
                  "value": 0,
                  "type": "number"
                }
              },
              {
                "type": "get_attr",
                "value": "env"
              }
            ]
          ],
          "private": "eyJlMmJmYjczMC1lY2FhLTExZTYtOGY4OC0zNDM2M2JjN2M0YzAiOnsiY3JlYXRlIjoxMjAwMDAwMDAwMDAwLCJkZWxldGUiOjEyMDAwMDAwMDAwMDAsInVwZGF0ZSI6MTIwMDAwMDAwMDAwMH0sInNjaGVtYV92ZXJzaW9uIjoiMSJ9",
          "dependencies": [
            "google_sql_database.mydb",
            "google_sql_database_instance.database",
            "google_sql_user.users"
          ]
        }
      ]
    },
    {
      "mode": "managed",
      "type": "google_cloudbuild_trigger",
      "name": "include-build-logs-trigger",
      "provider": "provider[\"registry.terraform.io/hashicorp/google\"]",
      "instances": [
        {
          "schema_version": 2,
          "attributes": {
            "approval_config": [
              {
                "approval_required": false
              }
            ],
            "build": [],
            "create_time": "2022-10-26T22:38:17.438344907Z",
            "description": "",
            "disabled": false,
            "filename": "./terraform/cloudbuild.yaml",
            "filter": "",
            "git_file_source": [],
            "github": [
              {
                "name": "2022-server",
                "owner": "suzuka-kosen-festa",
                "pull_request": [],
                "push": [
                  {
                    "branch": "^main$",
                    "invert_regex": false,
                    "tag": ""
                  }
                ]
              }
            ],
            "id": "projects/kosen-festa-server/locations/us-central1/triggers/23edaed1-8d0f-41ad-b7db-6b68378c72c0",
            "ignored_files": [],
            "include_build_logs": "INCLUDE_BUILD_LOGS_WITH_STATUS",
            "included_files": [],
            "location": "us-central1",
            "name": "container-builder",
            "project": "kosen-festa-server",
            "pubsub_config": [],
            "service_account": "",
            "source_to_build": [],
            "substitutions": {},
            "tags": [],
            "timeouts": null,
            "trigger_id": "23edaed1-8d0f-41ad-b7db-6b68378c72c0",
            "trigger_template": [],
            "webhook_config": []
          },
          "sensitive_attributes": [],
          "private": "eyJlMmJmYjczMC1lY2FhLTExZTYtOGY4OC0zNDM2M2JjN2M0YzAiOnsiY3JlYXRlIjoxMjAwMDAwMDAwMDAwLCJkZWxldGUiOjEyMDAwMDAwMDAwMDAsInVwZGF0ZSI6MTIwMDAwMDAwMDAwMH0sInNjaGVtYV92ZXJzaW9uIjoiMiJ9"
        }
      ]
    },
    {
      "mode": "managed",
      "type": "google_cloudbuild_worker_pool",
      "name": "pool",
      "provider": "provider[\"registry.terraform.io/hashicorp/google\"]",
      "instances": [
        {
          "schema_version": 0,
          "attributes": {
            "annotations": {},
            "create_time": "2022-10-26T22:38:49.140765086Z",
            "delete_time": "",
            "display_name": "",
            "id": "projects/kosen-festa-server/locations/us-central1/workerPools/my-pool",
            "location": "us-central1",
            "name": "my-pool",
            "network_config": [],
            "project": "kosen-festa-server",
            "state": "RUNNING",
            "timeouts": null,
            "uid": "61bc4f71-704c-4092-b4a7-727f80a35282",
            "update_time": "2022-10-26T22:38:49.140765086Z",
            "worker_config": [
              {
                "disk_size_gb": 100,
                "machine_type": "e2-standard-2",
                "no_external_ip": false
              }
            ]
          },
          "sensitive_attributes": [],
          "private": "eyJlMmJmYjczMC1lY2FhLTExZTYtOGY4OC0zNDM2M2JjN2M0YzAiOnsiY3JlYXRlIjoxMjAwMDAwMDAwMDAwLCJkZWxldGUiOjEyMDAwMDAwMDAwMDAsInVwZGF0ZSI6MTIwMDAwMDAwMDAwMH19"
        }
      ]
    },
    {
      "mode": "managed",
      "type": "google_sql_database",
      "name": "mydb",
      "provider": "provider[\"registry.terraform.io/hashicorp/google\"]",
      "instances": [
        {
          "schema_version": 0,
          "attributes": {
            "charset": "UTF8",
            "collation": "en_US.UTF8",
            "id": "projects/kosen-festa-server/instances/main-instance/databases/appdb",
            "instance": "main-instance",
            "name": "appdb",
            "project": "kosen-festa-server",
            "self_link": "https://sqladmin.googleapis.com/sql/v1beta4/projects/kosen-festa-server/instances/main-instance/databases/appdb",
            "timeouts": null
          },
          "sensitive_attributes": [],
          "private": "eyJlMmJmYjczMC1lY2FhLTExZTYtOGY4OC0zNDM2M2JjN2M0YzAiOnsiY3JlYXRlIjoxMjAwMDAwMDAwMDAwLCJkZWxldGUiOjEyMDAwMDAwMDAwMDAsInVwZGF0ZSI6MTIwMDAwMDAwMDAwMH19",
          "dependencies": [
            "google_sql_database_instance.database"
          ]
        }
      ]
    },
    {
      "mode": "managed",
      "type": "google_sql_database_instance",
      "name": "database",
      "provider": "provider[\"registry.terraform.io/hashicorp/google-beta\"]",
      "instances": [
        {
          "schema_version": 0,
          "attributes": {
            "available_maintenance_versions": [],
            "clone": [],
            "connection_name": "kosen-festa-server:us-west1:main-instance",
            "database_version": "POSTGRES_14",
            "deletion_protection": true,
            "encryption_key_name": null,
            "first_ip_address": "35.247.79.248",
            "id": "main-instance",
            "ip_address": [
              {
                "ip_address": "35.247.79.248",
                "time_to_retire": "",
                "type": "PRIMARY"
              },
              {
                "ip_address": "34.82.137.231",
                "time_to_retire": "",
                "type": "OUTGOING"
              }
            ],
            "maintenance_version": "POSTGRES_14_4.R20220710.01_08",
            "master_instance_name": "",
            "name": "main-instance",
            "private_ip_address": "",
            "project": "kosen-festa-server",
            "public_ip_address": "35.247.79.248",
            "region": "us-west1",
            "replica_configuration": [],
            "restore_backup_context": [],
            "root_password": null,
            "self_link": "https://sqladmin.googleapis.com/sql/v1beta4/projects/kosen-festa-server/instances/main-instance",
            "server_ca_cert": [
              {
                "cert": "-----BEGIN CERTIFICATE-----\nMIIDfzCCAmegAwIBAgIBADANBgkqhkiG9w0BAQsFADB3MS0wKwYDVQQuEyQwYmJh\nYzM4NC03NmZjLTRhNDYtODBmMi1mZWQ5Njk0MTUxNGIxIzAhBgNVBAMTGkdvb2ds\nZSBDbG91ZCBTUUwgU2VydmVyIENBMRQwEgYDVQQKEwtHb29nbGUsIEluYzELMAkG\nA1UEBhMCVVMwHhcNMjIxMDI2MTE0MzU0WhcNMzIxMDIzMTE0NDU0WjB3MS0wKwYD\nVQQuEyQwYmJhYzM4NC03NmZjLTRhNDYtODBmMi1mZWQ5Njk0MTUxNGIxIzAhBgNV\nBAMTGkdvb2dsZSBDbG91ZCBTUUwgU2VydmVyIENBMRQwEgYDVQQKEwtHb29nbGUs\nIEluYzELMAkGA1UEBhMCVVMwggEiMA0GCSqGSIb3DQEBAQUAA4IBDwAwggEKAoIB\nAQCwJp2af6/BDcXb15T6pPDO0K7pKvOqaYa8JRdSDoxTgyxCb2zHIk3cvOAyhmcu\nsVDeptKm95A9MPu4xe4/GbLolzWnWt83lu5qBq9G6M4eTbuS9rF9/gwVxavsm7mC\nNe2JeWy0Usbt/yjWm257NGKTvYYsztmdS2yYu6yS5G6I0/8QU++Jjlhlbo1hirJB\n2jT3mDJfBq0MhiJJWzwJl5vXNarxn2yxozWnuvyNjKnSG0npw9UPkkGT5+gjo2xb\nbVge2JYlmglD4YyifNZeIcfBQCmpKVE7IUkdbwmU8gKgVyl0m55F0luhbbPofngP\nQKnCRV+HlxIAvuLp8mEqi/YpAgMBAAGjFjAUMBIGA1UdEwEB/wQIMAYBAf8CAQAw\nDQYJKoZIhvcNAQELBQADggEBAGdwv9oBAV2TVo0VztzbLCNZOJ677FzqZY59GwCF\n71bvvUhiTP+bV6VAIn7Kk7lO+I3AlMufWUZy/Z1OkdzgqI3sAqfZsPih2lCU5cXk\ndHTRz48hdrsKh3qa7WZ8s07d7QVh/c3tZebfP0x7DaOedO7LMygf1kjRWpTYJQGh\nhZz0l9oTxSTxrveMJCdGPtNo9TUA96G4WtcqxHcxkmwkDcdqvZ2YphuXCKdraa1p\nIwnoJVK15sdGtGCJ5AHpzhk2euVeiPtL9C/uQjkXd5ISeg63Z5oAS0kHgcHXM/AE\n58LQcklqVXMAazP9IUwxUnbQ2sGiBc3d323D5TihdMPt3BI=\n-----END CERTIFICATE-----",
                "common_name": "C=US,O=Google\\, Inc,CN=Google Cloud SQL Server CA,dnQualifier=0bbac384-76fc-4a46-80f2-fed96941514b",
                "create_time": "2022-10-26T11:43:54.739Z",
                "expiration_time": "2032-10-23T11:44:54.739Z",
                "sha1_fingerprint": "269f2903257322e6862179738d99ed0247e19016"
              }
            ],
            "service_account_email_address": "p874698037633-3tdpy0@gcp-sa-cloud-sql.iam.gserviceaccount.com",
            "settings": [
              {
                "activation_policy": "ALWAYS",
                "active_directory_config": [],
                "availability_type": "ZONAL",
                "backup_configuration": [
                  {
                    "backup_retention_settings": [
                      {
                        "retained_backups": 7,
                        "retention_unit": "COUNT"
                      }
                    ],
                    "binary_log_enabled": false,
                    "enabled": true,
                    "location": "",
                    "point_in_time_recovery_enabled": true,
                    "start_time": "15:00",
                    "transaction_log_retention_days": 7
                  }
                ],
                "collation": "",
                "database_flags": [],
                "disk_autoresize": true,
                "disk_autoresize_limit": 0,
                "disk_size": 10,
                "disk_type": "PD_HDD",
                "insights_config": [],
                "ip_configuration": [
                  {
                    "allocated_ip_range": "",
                    "authorized_networks": [],
                    "ipv4_enabled": true,
                    "private_network": "",
                    "require_ssl": false
                  }
                ],
                "location_preference": [
                  {
                    "follow_gae_application": "",
                    "secondary_zone": "",
                    "zone": "us-west1-a"
                  }
                ],
                "maintenance_window": [],
                "password_validation_policy": [],
                "pricing_plan": "PER_USE",
                "sql_server_audit_config": [],
                "tier": "db-custom-1-3840",
                "user_labels": {},
                "version": 2
              }
            ],
            "timeouts": null
          },
          "sensitive_attributes": [],
          "private": "eyJlMmJmYjczMC1lY2FhLTExZTYtOGY4OC0zNDM2M2JjN2M0YzAiOnsiY3JlYXRlIjoxODAwMDAwMDAwMDAwLCJkZWxldGUiOjE4MDAwMDAwMDAwMDAsInVwZGF0ZSI6MTgwMDAwMDAwMDAwMH19"
        }
      ]
    },
    {
      "mode": "managed",
      "type": "google_sql_user",
      "name": "users",
      "provider": "provider[\"registry.terraform.io/hashicorp/google\"]",
      "instances": [
        {
          "schema_version": 1,
          "attributes": {
            "deletion_policy": null,
            "host": "",
            "id": "user//main-instance",
            "instance": "main-instance",
            "name": "user",
            "password": "password",
            "password_policy": [],
            "project": "kosen-festa-server",
            "sql_server_user_details": [],
            "timeouts": null,
            "type": ""
          },
          "sensitive_attributes": [],
          "private": "eyJlMmJmYjczMC1lY2FhLTExZTYtOGY4OC0zNDM2M2JjN2M0YzAiOnsiY3JlYXRlIjo2MDAwMDAwMDAwMDAsImRlbGV0ZSI6NjAwMDAwMDAwMDAwLCJ1cGRhdGUiOjYwMDAwMDAwMDAwMH0sInNjaGVtYV92ZXJzaW9uIjoiMSJ9",
          "dependencies": [
            "google_sql_database_instance.database"
          ]
        }
      ]
    }
  ],
  "check_results": []
}
