{
  "version": 4,
  "terraform_version": "1.3.3",
  "serial": 48,
  "lineage": "0e13974a-5c17-4570-1ee7-19eca1f2f048",
  "outputs": {},
  "resources": [
    {
      "mode": "managed",
      "type": "google_artifact_registry_repository",
      "name": "my-repo",
      "provider": "provider[\"registry.terraform.io/hashicorp/google\"]",
      "instances": [
        {
          "schema_version": 0,
          "attributes": {
            "create_time": "2022-10-21T07:56:57.684513Z",
            "description": "server docker repository",
            "format": "DOCKER",
            "id": "projects/kosen-festa-server/locations/us-west1/repositories/my-repository",
            "kms_key_name": "",
            "labels": {},
            "location": "us-west1",
            "maven_config": [],
            "name": "my-repository",
            "project": "kosen-festa-server",
            "repository_id": "my-repository",
            "timeouts": null,
            "update_time": "2022-10-21T07:56:57.684513Z"
          },
          "sensitive_attributes": [],
          "private": "eyJlMmJmYjczMC1lY2FhLTExZTYtOGY4OC0zNDM2M2JjN2M0YzAiOnsiY3JlYXRlIjoxMjAwMDAwMDAwMDAwLCJkZWxldGUiOjEyMDAwMDAwMDAwMDAsInVwZGF0ZSI6MTIwMDAwMDAwMDAwMH19"
        }
      ]
    },
    {
      "mode": "managed",
      "type": "google_cloud_run_service",
      "name": "default",
      "provider": "provider[\"registry.terraform.io/hashicorp/google\"]",
      "instances": [
        {
          "schema_version": 1,
          "attributes": {
            "autogenerate_revision_name": false,
            "id": "locations/us-west1/namespaces/kosen-festa-server/services/server",
            "location": "us-west1",
            "metadata": [
              {
                "annotations": {
                  "run.googleapis.com/ingress": "all",
                  "run.googleapis.com/ingress-status": "all",
                  "serving.knative.dev/creator": "terraform@kosen-festa-server.iam.gserviceaccount.com",
                  "serving.knative.dev/lastModifier": "terraform@kosen-festa-server.iam.gserviceaccount.com"
                },
                "generation": 1,
                "labels": {
                  "cloud.googleapis.com/location": "us-west1"
                },
                "namespace": "kosen-festa-server",
                "resource_version": "AAXrh2c/jMM",
                "self_link": "/apis/serving.knative.dev/v1/namespaces/874698037633/services/server",
                "uid": "e5d48019-3469-4463-b2f0-ff909de5ab14"
              }
            ],
            "name": "server",
            "project": "kosen-festa-server",
            "status": [
              {
                "conditions": [
                  {
                    "message": "",
                    "reason": "",
                    "status": "True",
                    "type": "Ready"
                  },
                  {
                    "message": "",
                    "reason": "",
                    "status": "True",
                    "type": "ConfigurationsReady"
                  },
                  {
                    "message": "",
                    "reason": "",
                    "status": "True",
                    "type": "RoutesReady"
                  }
                ],
                "latest_created_revision_name": "server-bgkwt",
                "latest_ready_revision_name": "server-bgkwt",
                "observed_generation": 1,
                "url": "https://server-gytmf4azxa-uw.a.run.app"
              }
            ],
            "template": [
              {
                "metadata": [
                  {
                    "annotations": {
                      "autoscaling.knative.dev/maxScale": "3",
                      "autoscaling.knative.dev/minScale": "1",
                      "run.googleapis.com/cpu-throttling": "false"
                    },
                    "generation": 0,
                    "labels": null,
                    "name": "",
                    "namespace": "",
                    "resource_version": "",
                    "self_link": "",
                    "uid": ""
                  }
                ],
                "spec": [
                  {
                    "container_concurrency": 80,
                    "containers": [
                      {
                        "args": null,
                        "command": null,
                        "env": [],
                        "env_from": [],
                        "image": "us-docker.pkg.dev/cloudrun/container/hello",
                        "ports": [
                          {
                            "container_port": 7000,
                            "name": "http1",
                            "protocol": ""
                          }
                        ],
                        "resources": [
                          {
                            "limits": {
                              "cpu": "1",
                              "memory": "0.5Gi"
                            },
                            "requests": null
                          }
                        ],
                        "volume_mounts": [],
                        "working_dir": ""
                      }
                    ],
                    "service_account_name": "874698037633-compute@developer.gserviceaccount.com",
                    "serving_state": "",
                    "timeout_seconds": 300,
                    "volumes": []
                  }
                ]
              }
            ],
            "timeouts": null,
            "traffic": [
              {
                "latest_revision": true,
                "percent": 100,
                "revision_name": "",
                "tag": "",
                "url": ""
              }
            ]
          },
          "sensitive_attributes": [],
          "private": "eyJlMmJmYjczMC1lY2FhLTExZTYtOGY4OC0zNDM2M2JjN2M0YzAiOnsiY3JlYXRlIjoxMjAwMDAwMDAwMDAwLCJkZWxldGUiOjEyMDAwMDAwMDAwMDAsInVwZGF0ZSI6MTIwMDAwMDAwMDAwMH0sInNjaGVtYV92ZXJzaW9uIjoiMSJ9"
        }
      ]
    },
    {
      "mode": "managed",
      "type": "google_cloudbuild_worker_pool",
      "name": "pool",
      "provider": "provider[\"registry.terraform.io/hashicorp/google\"]",
      "instances": [
        {
          "schema_version": 0,
          "attributes": {
            "annotations": null,
            "create_time": "2022-10-21T08:41:26.687477916Z",
            "delete_time": "",
            "display_name": "",
            "id": "projects/kosen-festa-server/locations/us-west1/workerPools/my-pool",
            "location": "us-west1",
            "name": "my-pool",
            "network_config": [],
            "project": "kosen-festa-server",
            "state": "RUNNING",
            "timeouts": null,
            "uid": "84568bbb-a320-49a3-975c-27e6e2f5d731",
            "update_time": "2022-10-21T08:41:26.687477916Z",
            "worker_config": [
              {
                "disk_size_gb": 100,
                "machine_type": "e2-standard-2",
                "no_external_ip": false
              }
            ]
          },
          "sensitive_attributes": [],
          "private": "eyJlMmJmYjczMC1lY2FhLTExZTYtOGY4OC0zNDM2M2JjN2M0YzAiOnsiY3JlYXRlIjoxMjAwMDAwMDAwMDAwLCJkZWxldGUiOjEyMDAwMDAwMDAwMDAsInVwZGF0ZSI6MTIwMDAwMDAwMDAwMH19"
        }
      ]
    },
    {
      "mode": "managed",
      "type": "google_sql_database_instance",
      "name": "postgres",
      "provider": "provider[\"registry.terraform.io/hashicorp/google\"]",
      "instances": [
        {
          "schema_version": 0,
          "attributes": {
            "available_maintenance_versions": [],
            "clone": [],
            "connection_name": "kosen-festa-server:us-west1:maindatabase",
            "database_version": "POSTGRES_14",
            "deletion_protection": true,
            "encryption_key_name": null,
            "first_ip_address": "34.83.192.254",
            "id": "maindatabase",
            "ip_address": [
              {
                "ip_address": "34.83.192.254",
                "time_to_retire": "",
                "type": "PRIMARY"
              },
              {
                "ip_address": "34.83.154.213",
                "time_to_retire": "",
                "type": "OUTGOING"
              }
            ],
            "maintenance_version": "POSTGRES_14_4.R20220710.01_08",
            "master_instance_name": "",
            "name": "maindatabase",
            "private_ip_address": "",
            "project": "kosen-festa-server",
            "public_ip_address": "34.83.192.254",
            "region": "us-west1",
            "replica_configuration": [],
            "restore_backup_context": [],
            "root_password": null,
            "self_link": "https://sqladmin.googleapis.com/sql/v1beta4/projects/kosen-festa-server/instances/maindatabase",
            "server_ca_cert": [
              {
                "cert": "-----BEGIN CERTIFICATE-----\nMIIDfzCCAmegAwIBAgIBADANBgkqhkiG9w0BAQsFADB3MS0wKwYDVQQuEyRiNjJi\nNzU1OS04YjU0LTQ4M2MtOGY1NS04YTdmZjBhZTJiM2UxIzAhBgNVBAMTGkdvb2ds\nZSBDbG91ZCBTUUwgU2VydmVyIENBMRQwEgYDVQQKEwtHb29nbGUsIEluYzELMAkG\nA1UEBhMCVVMwHhcNMjIxMDIxMDc1ODE5WhcNMzIxMDE4MDc1OTE5WjB3MS0wKwYD\nVQQuEyRiNjJiNzU1OS04YjU0LTQ4M2MtOGY1NS04YTdmZjBhZTJiM2UxIzAhBgNV\nBAMTGkdvb2dsZSBDbG91ZCBTUUwgU2VydmVyIENBMRQwEgYDVQQKEwtHb29nbGUs\nIEluYzELMAkGA1UEBhMCVVMwggEiMA0GCSqGSIb3DQEBAQUAA4IBDwAwggEKAoIB\nAQCVeDfwT43quvgdeFe0EA+gBa/eap/v1IWPvq4jpQ4EJbbhuav5RD/1pwqXUJMf\nu2+WrVvepXpQN/s0GWREwnMa+zHmxrtFS6AIcPuSl2ZDVmeggK18OY20KmzyvF6X\nXpr/vpFXA0+3UAWCBkCScT6Li8ZPKKeCj+VoV597H8niwDbsMiaYIPXzt51Hbc3/\nQa4LgRxxCs8ykqMUC9eirLs98eAQs5gjgZZ+tgxqPIyLOP52V8npuBFHY4QohcHv\naXDn7nb37yz7gAdWdsRqlGXxfe8g4VuR9KYG0mDpvi2TWgMep1vNA+0C+9VjjU+P\nDPIDhbbLLmn3+RHR+CpQf1QPAgMBAAGjFjAUMBIGA1UdEwEB/wQIMAYBAf8CAQAw\nDQYJKoZIhvcNAQELBQADggEBAFd5WxYam1pH7mcnjhm4wvraxSE+QyOf4L+1CQD2\nUS7QNR+uqInodef+O4qgQbfFgBw1SdPXbEMwRDjYT1T2r5Jfd3vdRXxnFu8qIdjt\nW+NT8/qYDZGJO6wtzyLVxkVsjQ0UdYCS9VeYydNtTXBA83KS5nE2RgQeJhM7jRQh\nsUqyWC1dWxTBYyUO1UkxuByJqYtGbnkMGIk17YNJkc1ksf65sG+eTvIP1Ae7XZXd\nsiZJKdXPpz5/d+oRbY7pyW1g9NauzM//BCbIt8w0P8HZDyNx1SfXf+uuuoMZpTr2\n7mTThdi0ZAI23tGJjCwpg5mzHKOlQfoUf+8WbEuCTX0rToA=\n-----END CERTIFICATE-----",
                "common_name": "C=US,O=Google\\, Inc,CN=Google Cloud SQL Server CA,dnQualifier=b62b7559-8b54-483c-8f55-8a7ff0ae2b3e",
                "create_time": "2022-10-21T07:58:19.834Z",
                "expiration_time": "2032-10-18T07:59:19.834Z",
                "sha1_fingerprint": "717ae13b12b1fb116dfd0198e8322046a8e63d67"
              }
            ],
            "service_account_email_address": "p874698037633-3lzug8@gcp-sa-cloud-sql.iam.gserviceaccount.com",
            "settings": [
              {
                "activation_policy": "ALWAYS",
                "active_directory_config": [],
                "availability_type": "ZONAL",
                "backup_configuration": [
                  {
                    "backup_retention_settings": [
                      {
                        "retained_backups": 7,
                        "retention_unit": "COUNT"
                      }
                    ],
                    "binary_log_enabled": false,
                    "enabled": true,
                    "location": "",
                    "point_in_time_recovery_enabled": true,
                    "start_time": "15:00",
                    "transaction_log_retention_days": 7
                  }
                ],
                "collation": "",
                "database_flags": [],
                "disk_autoresize": true,
                "disk_autoresize_limit": 0,
                "disk_size": 10,
                "disk_type": "PD_HDD",
                "insights_config": [],
                "ip_configuration": [
                  {
                    "allocated_ip_range": "",
                    "authorized_networks": [],
                    "ipv4_enabled": true,
                    "private_network": "",
                    "require_ssl": false
                  }
                ],
                "location_preference": [
                  {
                    "follow_gae_application": "",
                    "secondary_zone": "",
                    "zone": "us-west1-b"
                  }
                ],
                "maintenance_window": [],
                "password_validation_policy": [],
                "pricing_plan": "PER_USE",
                "sql_server_audit_config": [],
                "tier": "db-custom-1-3840",
                "user_labels": {},
                "version": 2
              }
            ],
            "timeouts": null
          },
          "sensitive_attributes": [],
          "private": "eyJlMmJmYjczMC1lY2FhLTExZTYtOGY4OC0zNDM2M2JjN2M0YzAiOnsiY3JlYXRlIjoxODAwMDAwMDAwMDAwLCJkZWxldGUiOjE4MDAwMDAwMDAwMDAsInVwZGF0ZSI6MTgwMDAwMDAwMDAwMH19"
        }
      ]
    }
  ],
  "check_results": []
}
